
Microsoft Visual Studio Solution File, Format Version 12.00
# Visual Studio Version 16
VisualStudioVersion = 16.0.31729.503
MinimumVisualStudioVersion = 10.0.40219.1
Project("{9A19103F-16F7-4668-BE54-9A1E7A4F7556}") = "BookList.Entities", "BookList.Entities\BookList.Entities.csproj", "{8D30ED72-ED2D-4987-BB2E-D7AE68F9EC4E}"
EndProject
Project("{9A19103F-16F7-4668-BE54-9A1E7A4F7556}") = "BookList.Business", "BookList.Business\BookList.Business.csproj", "{B1C05867-E23B-43C9-92D9-183BD184E769}"
EndProject
Project("{9A19103F-16F7-4668-BE54-9A1E7A4F7556}") = "BookList.DataAccess", "BookList.DataAccess\BookList.DataAccess.csproj", "{B238B7BD-A769-4DD2-9E1E-622747B63D7E}"
EndProject
Project("{9A19103F-16F7-4668-BE54-9A1E7A4F7556}") = "BookList.WebUI", "BookList.WebUI\BookList.WebUI.csproj", "{76FF5722-7D36-4447-ADDB-1BF997B91802}"
EndProject
Project("{FAE04EC0-301F-11D3-BF4B-00C04F79EFBC}") = "BookList.Core", "BookList.Core\BookList.Core.csproj", "{F1A97970-A7D1-43D0-A9BA-F194DCD9316E}"
EndProject
Global
	GlobalSection(SolutionConfigurationPlatforms) = preSolution
		Debug|Any CPU = Debug|Any CPU
		Release|Any CPU = Release|Any CPU
	EndGlobalSection
	GlobalSection(ProjectConfigurationPlatforms) = postSolution
		{8D30ED72-ED2D-4987-BB2E-D7AE68F9EC4E}.Debug|Any CPU.ActiveCfg = Debug|Any CPU
		{8D30ED72-ED2D-4987-BB2E-D7AE68F9EC4E}.Debug|Any CPU.Build.0 = Debug|Any CPU
		{8D30ED72-ED2D-4987-BB2E-D7AE68F9EC4E}.Release|Any CPU.ActiveCfg = Release|Any CPU
		{8D30ED72-ED2D-4987-BB2E-D7AE68F9EC4E}.Release|Any CPU.Build.0 = Release|Any CPU
		{B1C05867-E23B-43C9-92D9-183BD184E769}.Debug|Any CPU.ActiveCfg = Debug|Any CPU
		{B1C05867-E23B-43C9-92D9-183BD184E769}.Debug|Any CPU.Build.0 = Debug|Any CPU
		{B1C05867-E23B-43C9-92D9-183BD184E769}.Release|Any CPU.ActiveCfg = Release|Any CPU
		{B1C05867-E23B-43C9-92D9-183BD184E769}.Release|Any CPU.Build.0 = Release|Any CPU
		{B238B7BD-A769-4DD2-9E1E-622747B63D7E}.Debug|Any CPU.ActiveCfg = Debug|Any CPU
		{B238B7BD-A769-4DD2-9E1E-622747B63D7E}.Debug|Any CPU.Build.0 = Debug|Any CPU
		{B238B7BD-A769-4DD2-9E1E-622747B63D7E}.Release|Any CPU.ActiveCfg = Release|Any CPU
		{B238B7BD-A769-4DD2-9E1E-622747B63D7E}.Release|Any CPU.Build.0 = Release|Any CPU
		{76FF5722-7D36-4447-ADDB-1BF997B91802}.Debug|Any CPU.ActiveCfg = Debug|Any CPU
		{76FF5722-7D36-4447-ADDB-1BF997B91802}.Debug|Any CPU.Build.0 = Debug|Any CPU
		{76FF5722-7D36-4447-ADDB-1BF997B91802}.Release|Any CPU.ActiveCfg = Release|Any CPU
		{76FF5722-7D36-4447-ADDB-1BF997B91802}.Release|Any CPU.Build.0 = Release|Any CPU
		{F1A97970-A7D1-43D0-A9BA-F194DCD9316E}.Debug|Any CPU.ActiveCfg = Debug|Any CPU
		{F1A97970-A7D1-43D0-A9BA-F194DCD9316E}.Debug|Any CPU.Build.0 = Debug|Any CPU
		{F1A97970-A7D1-43D0-A9BA-F194DCD9316E}.Release|Any CPU.ActiveCfg = Release|Any CPU
		{F1A97970-A7D1-43D0-A9BA-F194DCD9316E}.Release|Any CPU.Build.0 = Release|Any CPU
	EndGlobalSection
	GlobalSection(SolutionProperties) = preSolution
		HideSolutionNode = FALSE
	EndGlobalSection
	GlobalSection(ExtensibilityGlobals) = postSolution
		SolutionGuid = {D83810E3-ABF7-4F3F-9A53-7E6D45B30D32}
	EndGlobalSection
EndGlobal
